
Microsoft Visual Studio Solution File, Format Version 12.00
# Visual Studio Version 16
VisualStudioVersion = 16.0.29806.167
MinimumVisualStudioVersion = 10.0.40219.1
Project("{FAE04EC0-301F-11D3-BF4B-00C04F79EFBC}") = "Lessons.Patterns.Console", "Lessons.Patterns.Console\Lessons.Patterns.Console.csproj", "{4A03705E-0FAF-4D51-804D-CD3B8B4C09E5}"
EndProject
Project("{FAE04EC0-301F-11D3-BF4B-00C04F79EFBC}") = "Lessons.Patterns.Behavior", "Lessons.Patterns.Behavior\Lessons.Patterns.Behavior.csproj", "{521CEACD-98AB-4DD7-9A8F-083D2FC46DD0}"
EndProject
Global
	GlobalSection(SolutionConfigurationPlatforms) = preSolution
		Debug|Any CPU = Debug|Any CPU
		Release|Any CPU = Release|Any CPU
	EndGlobalSection
	GlobalSection(ProjectConfigurationPlatforms) = postSolution
		{4A03705E-0FAF-4D51-804D-CD3B8B4C09E5}.Debug|Any CPU.ActiveCfg = Debug|Any CPU
		{4A03705E-0FAF-4D51-804D-CD3B8B4C09E5}.Debug|Any CPU.Build.0 = Debug|Any CPU
		{4A03705E-0FAF-4D51-804D-CD3B8B4C09E5}.Release|Any CPU.ActiveCfg = Release|Any CPU
		{4A03705E-0FAF-4D51-804D-CD3B8B4C09E5}.Release|Any CPU.Build.0 = Release|Any CPU
		{521CEACD-98AB-4DD7-9A8F-083D2FC46DD0}.Debug|Any CPU.ActiveCfg = Debug|Any CPU
		{521CEACD-98AB-4DD7-9A8F-083D2FC46DD0}.Debug|Any CPU.Build.0 = Debug|Any CPU
		{521CEACD-98AB-4DD7-9A8F-083D2FC46DD0}.Release|Any CPU.ActiveCfg = Release|Any CPU
		{521CEACD-98AB-4DD7-9A8F-083D2FC46DD0}.Release|Any CPU.Build.0 = Release|Any CPU
	EndGlobalSection
	GlobalSection(SolutionProperties) = preSolution
		HideSolutionNode = FALSE
	EndGlobalSection
	GlobalSection(ExtensibilityGlobals) = postSolution
		SolutionGuid = {0BC507F4-A23E-4560-9770-C6995C63A361}
	EndGlobalSection
EndGlobal
